
Microsoft Visual Studio Solution File, Format Version 12.00
# Visual Studio Version 16
VisualStudioVersion = 16.0.30320.27
MinimumVisualStudioVersion = 10.0.40219.1
Project("{FAE04EC0-301F-11D3-BF4B-00C04F79EFBC}") = "ResourceApi", "ResourceApi\ResourceApi.csproj", "{F841C90C-E39E-40A7-B6EC-A762FF92F4E0}"
EndProject
Global
	GlobalSection(SolutionConfigurationPlatforms) = preSolution
		Debug|Any CPU = Debug|Any CPU
		Release|Any CPU = Release|Any CPU
	EndGlobalSection
	GlobalSection(ProjectConfigurationPlatforms) = postSolution
		{F841C90C-E39E-40A7-B6EC-A762FF92F4E0}.Debug|Any CPU.ActiveCfg = Debug|Any CPU
		{F841C90C-E39E-40A7-B6EC-A762FF92F4E0}.Debug|Any CPU.Build.0 = Debug|Any CPU
		{F841C90C-E39E-40A7-B6EC-A762FF92F4E0}.Release|Any CPU.ActiveCfg = Release|Any CPU
		{F841C90C-E39E-40A7-B6EC-A762FF92F4E0}.Release|Any CPU.Build.0 = Release|Any CPU
	EndGlobalSection
	GlobalSection(SolutionProperties) = preSolution
		HideSolutionNode = FALSE
	EndGlobalSection
	GlobalSection(ExtensibilityGlobals) = postSolution
		SolutionGuid = {9EAC5930-E9F4-45F1-8A75-ED0D4DA6BB09}
	EndGlobalSection
EndGlobal
